
Microsoft Visual Studio Solution File, Format Version 12.00
# Visual Studio Version 17
VisualStudioVersion = 17.0.32126.317
MinimumVisualStudioVersion = 10.0.40219.1
Project("{FAE04EC0-301F-11D3-BF4B-00C04F79EFBC}") = "Aula4", "Aula4\Aula4.csproj", "{A8C24BDF-4F70-427B-A401-71D4F7E836DD}"
EndProject
Global
	GlobalSection(SolutionConfigurationPlatforms) = preSolution
		Debug|Any CPU = Debug|Any CPU
		Release|Any CPU = Release|Any CPU
	EndGlobalSection
	GlobalSection(ProjectConfigurationPlatforms) = postSolution
		{A8C24BDF-4F70-427B-A401-71D4F7E836DD}.Debug|Any CPU.ActiveCfg = Debug|Any CPU
		{A8C24BDF-4F70-427B-A401-71D4F7E836DD}.Debug|Any CPU.Build.0 = Debug|Any CPU
		{A8C24BDF-4F70-427B-A401-71D4F7E836DD}.Release|Any CPU.ActiveCfg = Release|Any CPU
		{A8C24BDF-4F70-427B-A401-71D4F7E836DD}.Release|Any CPU.Build.0 = Release|Any CPU
	EndGlobalSection
	GlobalSection(SolutionProperties) = preSolution
		HideSolutionNode = FALSE
	EndGlobalSection
	GlobalSection(ExtensibilityGlobals) = postSolution
		SolutionGuid = {2B4F6ED7-3A5C-4C02-B592-0703E35F5ED3}
	EndGlobalSection
EndGlobal
