
Microsoft Visual Studio Solution File, Format Version 12.00
Project("{FAE04EC0-301F-11D3-BF4B-00C04F79EFBC}") = "ex02", "ex02.csproj", "{D3B77493-138D-4169-8E20-D8914382CEEF}"
EndProject
Global
	GlobalSection(SolutionConfigurationPlatforms) = preSolution
		Debug|Any CPU = Debug|Any CPU
		Release|Any CPU = Release|Any CPU
	EndGlobalSection
	GlobalSection(ProjectConfigurationPlatforms) = postSolution
		{D3B77493-138D-4169-8E20-D8914382CEEF}.Debug|Any CPU.ActiveCfg = Debug|Any CPU
		{D3B77493-138D-4169-8E20-D8914382CEEF}.Debug|Any CPU.Build.0 = Debug|Any CPU
		{D3B77493-138D-4169-8E20-D8914382CEEF}.Release|Any CPU.ActiveCfg = Release|Any CPU
		{D3B77493-138D-4169-8E20-D8914382CEEF}.Release|Any CPU.Build.0 = Release|Any CPU
	EndGlobalSection
EndGlobal
