
Microsoft Visual Studio Solution File, Format Version 12.00
Project("{FAE04EC0-301F-11D3-BF4B-00C04F79EFBC}") = "Ex07", "Ex07.csproj", "{4F1AEE1C-217D-470B-9137-A9EA76C23D00}"
EndProject
Global
	GlobalSection(SolutionConfigurationPlatforms) = preSolution
		Debug|Any CPU = Debug|Any CPU
		Release|Any CPU = Release|Any CPU
	EndGlobalSection
	GlobalSection(ProjectConfigurationPlatforms) = postSolution
		{4F1AEE1C-217D-470B-9137-A9EA76C23D00}.Debug|Any CPU.ActiveCfg = Debug|Any CPU
		{4F1AEE1C-217D-470B-9137-A9EA76C23D00}.Debug|Any CPU.Build.0 = Debug|Any CPU
		{4F1AEE1C-217D-470B-9137-A9EA76C23D00}.Release|Any CPU.ActiveCfg = Release|Any CPU
		{4F1AEE1C-217D-470B-9137-A9EA76C23D00}.Release|Any CPU.Build.0 = Release|Any CPU
	EndGlobalSection
EndGlobal
