
Microsoft Visual Studio Solution File, Format Version 12.00
Project("{FAE04EC0-301F-11D3-BF4B-00C04F79EFBC}") = "Ex08", "Ex08.csproj", "{9DD7F53E-4667-463F-99A0-1344D3287B61}"
EndProject
Global
	GlobalSection(SolutionConfigurationPlatforms) = preSolution
		Debug|Any CPU = Debug|Any CPU
		Release|Any CPU = Release|Any CPU
	EndGlobalSection
	GlobalSection(ProjectConfigurationPlatforms) = postSolution
		{9DD7F53E-4667-463F-99A0-1344D3287B61}.Debug|Any CPU.ActiveCfg = Debug|Any CPU
		{9DD7F53E-4667-463F-99A0-1344D3287B61}.Debug|Any CPU.Build.0 = Debug|Any CPU
		{9DD7F53E-4667-463F-99A0-1344D3287B61}.Release|Any CPU.ActiveCfg = Release|Any CPU
		{9DD7F53E-4667-463F-99A0-1344D3287B61}.Release|Any CPU.Build.0 = Release|Any CPU
	EndGlobalSection
EndGlobal
